
Microsoft Visual Studio Solution File, Format Version 12.00
# Visual Studio Version 16
VisualStudioVersion = 16.0.30406.217
MinimumVisualStudioVersion = 10.0.40219.1
Project("{FAE04EC0-301F-11D3-BF4B-00C04F79EFBC}") = "ConsoleGame-Snake", "ConsoleGame-Snake.csproj", "{65CB4C3E-10E8-471F-A49F-6B1A05577718}"
EndProject
Global
	GlobalSection(SolutionConfigurationPlatforms) = preSolution
		Debug|Any CPU = Debug|Any CPU
		Release|Any CPU = Release|Any CPU
	EndGlobalSection
	GlobalSection(ProjectConfigurationPlatforms) = postSolution
		{65CB4C3E-10E8-471F-A49F-6B1A05577718}.Debug|Any CPU.ActiveCfg = Debug|Any CPU
		{65CB4C3E-10E8-471F-A49F-6B1A05577718}.Debug|Any CPU.Build.0 = Debug|Any CPU
		{65CB4C3E-10E8-471F-A49F-6B1A05577718}.Release|Any CPU.ActiveCfg = Release|Any CPU
		{65CB4C3E-10E8-471F-A49F-6B1A05577718}.Release|Any CPU.Build.0 = Release|Any CPU
	EndGlobalSection
	GlobalSection(SolutionProperties) = preSolution
		HideSolutionNode = FALSE
	EndGlobalSection
	GlobalSection(ExtensibilityGlobals) = postSolution
		SolutionGuid = {FEC9D86A-7F3A-481A-8065-BB9C7F619507}
	EndGlobalSection
EndGlobal
